
Microsoft Visual Studio Solution File, Format Version 12.00
# Visual Studio Version 17
VisualStudioVersion = 17.14.36414.22 d17.14
MinimumVisualStudioVersion = 10.0.40219.1
Project("{FAE04EC0-301F-11D3-BF4B-00C04F79EFBC}") = "DoughtChartBlogSample", "DoughtChartBlogSample\DoughtChartBlogSample.csproj", "{6582EE60-B4CC-469F-BBEF-9380B61D23A3}"
EndProject
Global
	GlobalSection(SolutionConfigurationPlatforms) = preSolution
		Debug|Any CPU = Debug|Any CPU
		Release|Any CPU = Release|Any CPU
	EndGlobalSection
	GlobalSection(ProjectConfigurationPlatforms) = postSolution
		{6582EE60-B4CC-469F-BBEF-9380B61D23A3}.Debug|Any CPU.ActiveCfg = Debug|Any CPU
		{6582EE60-B4CC-469F-BBEF-9380B61D23A3}.Debug|Any CPU.Build.0 = Debug|Any CPU
		{6582EE60-B4CC-469F-BBEF-9380B61D23A3}.Release|Any CPU.ActiveCfg = Release|Any CPU
		{6582EE60-B4CC-469F-BBEF-9380B61D23A3}.Release|Any CPU.Build.0 = Release|Any CPU
	EndGlobalSection
	GlobalSection(SolutionProperties) = preSolution
		HideSolutionNode = FALSE
	EndGlobalSection
	GlobalSection(ExtensibilityGlobals) = postSolution
		SolutionGuid = {718D00A6-7973-43AF-9E0E-249B44D5DFE5}
	EndGlobalSection
EndGlobal
